<Solution>
  <Project Path="src/PhotoCatalog.Application/PhotoCatalog.Application.csproj"/>
  <Project Path="src/PhotoCatalog.Domain/PhotoCatalog.Domain.csproj"/>
  <Project Path="src/PhotoCatalog.Infrastructure/PhotoCatalog.Infrastructure.csproj"/>
  <Project Path="test/PhotoCatalog.Test.Architectural/PhotoCatalog.Test.Architectural.csproj"/>
  <Project Path="test/PhotoCatalog.Test.Integration/PhotoCatalog.Test.Integration.csproj"/>
  <Project Path="test/PhotoCatalog.Test.Unit/PhotoCatalog.Test.Unit.csproj"/>
</Solution>
